
Microsoft Visual Studio Solution File, Format Version 12.00
# Visual Studio Version 17
VisualStudioVersion = 17.3.32929.385
MinimumVisualStudioVersion = 10.0.40219.1
Project("{FAE04EC0-301F-11D3-BF4B-00C04F79EFBC}") = "dockercicd", "dockercicd\dockercicd.csproj", "{B1D879A5-9880-41CC-BA04-CDF142E4D423}"
EndProject
Project("{E53339B2-1760-4266-BCC7-CA923CBCF16C}") = "docker-compose", "docker-compose.dcproj", "{70AE7D8F-0B1E-4EF9-AC8F-3A21586A334A}"
EndProject
Global
	GlobalSection(SolutionConfigurationPlatforms) = preSolution
		Debug|Any CPU = Debug|Any CPU
		Release|Any CPU = Release|Any CPU
	EndGlobalSection
	GlobalSection(ProjectConfigurationPlatforms) = postSolution
		{B1D879A5-9880-41CC-BA04-CDF142E4D423}.Debug|Any CPU.ActiveCfg = Debug|Any CPU
		{B1D879A5-9880-41CC-BA04-CDF142E4D423}.Debug|Any CPU.Build.0 = Debug|Any CPU
		{B1D879A5-9880-41CC-BA04-CDF142E4D423}.Release|Any CPU.ActiveCfg = Release|Any CPU
		{B1D879A5-9880-41CC-BA04-CDF142E4D423}.Release|Any CPU.Build.0 = Release|Any CPU
		{70AE7D8F-0B1E-4EF9-AC8F-3A21586A334A}.Debug|Any CPU.ActiveCfg = Debug|Any CPU
		{70AE7D8F-0B1E-4EF9-AC8F-3A21586A334A}.Debug|Any CPU.Build.0 = Debug|Any CPU
		{70AE7D8F-0B1E-4EF9-AC8F-3A21586A334A}.Release|Any CPU.ActiveCfg = Release|Any CPU
		{70AE7D8F-0B1E-4EF9-AC8F-3A21586A334A}.Release|Any CPU.Build.0 = Release|Any CPU
	EndGlobalSection
	GlobalSection(SolutionProperties) = preSolution
		HideSolutionNode = FALSE
	EndGlobalSection
	GlobalSection(ExtensibilityGlobals) = postSolution
		SolutionGuid = {1FA74989-D122-45FB-8FBB-D4E4E66FE25A}
	EndGlobalSection
EndGlobal
